
Microsoft Visual Studio Solution File, Format Version 12.00
# Visual Studio Version 16
VisualStudioVersion = 16.0.29509.3
MinimumVisualStudioVersion = 10.0.40219.1
Project("{8BC9CEB8-8B4A-11D0-8D11-00A0C91BC942}") = "xtralife-sdk", "xtralife-sdk\xtralife-sdk.vcxproj", "{3A944845-B088-4E37-BA97-FC6D70A381F7}"
EndProject
Project("{8BC9CEB8-8B4A-11D0-8D11-00A0C91BC942}") = "simpleapp", "simpleapp\simpleapp.vcxproj", "{84F74017-C3B6-4187-9088-15CA302995D6}"
EndProject
Global
	GlobalSection(SolutionConfigurationPlatforms) = preSolution
		Debug|x64 = Debug|x64
		Release|x64 = Release|x64
	EndGlobalSection
	GlobalSection(ProjectConfigurationPlatforms) = postSolution
		{3A944845-B088-4E37-BA97-FC6D70A381F7}.Debug|x64.ActiveCfg = Debug|x64
		{3A944845-B088-4E37-BA97-FC6D70A381F7}.Debug|x64.Build.0 = Debug|x64
		{3A944845-B088-4E37-BA97-FC6D70A381F7}.Release|x64.ActiveCfg = Release|x64
		{3A944845-B088-4E37-BA97-FC6D70A381F7}.Release|x64.Build.0 = Release|x64
		{84F74017-C3B6-4187-9088-15CA302995D6}.Debug|x64.ActiveCfg = Debug|x64
		{84F74017-C3B6-4187-9088-15CA302995D6}.Debug|x64.Build.0 = Debug|x64
		{84F74017-C3B6-4187-9088-15CA302995D6}.Release|x64.ActiveCfg = Release|x64
		{84F74017-C3B6-4187-9088-15CA302995D6}.Release|x64.Build.0 = Release|x64
	EndGlobalSection
	GlobalSection(SolutionProperties) = preSolution
		HideSolutionNode = FALSE
	EndGlobalSection
	GlobalSection(ExtensibilityGlobals) = postSolution
		SolutionGuid = {3D7197C0-57FE-4753-A384-6DDB08BB2A02}
	EndGlobalSection
EndGlobal
